
Microsoft Visual Studio Solution File, Format Version 12.00
# Visual Studio Version 17
VisualStudioVersion = 17.3.32929.385
MinimumVisualStudioVersion = 10.0.40219.1
Project("{FAE04EC0-301F-11D3-BF4B-00C04F79EFBC}") = "5Q-TandF-SwipeApp.Android", "5Q-TandF-SwipeApp\5Q-TandF-SwipeApp.Android\5Q-TandF-SwipeApp.Android.csproj", "{88F374A4-7861-4E0C-80B9-33B9C20A95DF}"
EndProject
Project("{FAE04EC0-301F-11D3-BF4B-00C04F79EFBC}") = "5Q-TandF-SwipeApp.iOS", "5Q-TandF-SwipeApp\5Q-TandF-SwipeApp.iOS\5Q-TandF-SwipeApp.iOS.csproj", "{09DBD1B1-8316-40FB-81EC-0F9F9812CF79}"
EndProject
Project("{9A19103F-16F7-4668-BE54-9A1E7A4F7556}") = "5Q-TandF-SwipeApp_Ver3-incSwiping", "5Q-TandF-SwipeApp\5Q-TandF-SwipeApp\5Q-TandF-SwipeApp_Ver3-incSwiping.csproj", "{CF4AF926-E8A3-487C-B0F6-38E1FB0FE42C}"
EndProject
Global
	GlobalSection(SolutionConfigurationPlatforms) = preSolution
		Debug|Any CPU = Debug|Any CPU
		Debug|iPhone = Debug|iPhone
		Debug|iPhoneSimulator = Debug|iPhoneSimulator
		Release|Any CPU = Release|Any CPU
		Release|iPhone = Release|iPhone
		Release|iPhoneSimulator = Release|iPhoneSimulator
	EndGlobalSection
	GlobalSection(ProjectConfigurationPlatforms) = postSolution
		{88F374A4-7861-4E0C-80B9-33B9C20A95DF}.Debug|Any CPU.ActiveCfg = Debug|Any CPU
		{88F374A4-7861-4E0C-80B9-33B9C20A95DF}.Debug|Any CPU.Build.0 = Debug|Any CPU
		{88F374A4-7861-4E0C-80B9-33B9C20A95DF}.Debug|Any CPU.Deploy.0 = Debug|Any CPU
		{88F374A4-7861-4E0C-80B9-33B9C20A95DF}.Debug|iPhone.ActiveCfg = Debug|Any CPU
		{88F374A4-7861-4E0C-80B9-33B9C20A95DF}.Debug|iPhone.Build.0 = Debug|Any CPU
		{88F374A4-7861-4E0C-80B9-33B9C20A95DF}.Debug|iPhone.Deploy.0 = Debug|Any CPU
		{88F374A4-7861-4E0C-80B9-33B9C20A95DF}.Debug|iPhoneSimulator.ActiveCfg = Debug|Any CPU
		{88F374A4-7861-4E0C-80B9-33B9C20A95DF}.Debug|iPhoneSimulator.Build.0 = Debug|Any CPU
		{88F374A4-7861-4E0C-80B9-33B9C20A95DF}.Debug|iPhoneSimulator.Deploy.0 = Debug|Any CPU
		{88F374A4-7861-4E0C-80B9-33B9C20A95DF}.Release|Any CPU.ActiveCfg = Release|Any CPU
		{88F374A4-7861-4E0C-80B9-33B9C20A95DF}.Release|Any CPU.Build.0 = Release|Any CPU
		{88F374A4-7861-4E0C-80B9-33B9C20A95DF}.Release|Any CPU.Deploy.0 = Release|Any CPU
		{88F374A4-7861-4E0C-80B9-33B9C20A95DF}.Release|iPhone.ActiveCfg = Release|Any CPU
		{88F374A4-7861-4E0C-80B9-33B9C20A95DF}.Release|iPhone.Build.0 = Release|Any CPU
		{88F374A4-7861-4E0C-80B9-33B9C20A95DF}.Release|iPhone.Deploy.0 = Release|Any CPU
		{88F374A4-7861-4E0C-80B9-33B9C20A95DF}.Release|iPhoneSimulator.ActiveCfg = Release|Any CPU
		{88F374A4-7861-4E0C-80B9-33B9C20A95DF}.Release|iPhoneSimulator.Build.0 = Release|Any CPU
		{88F374A4-7861-4E0C-80B9-33B9C20A95DF}.Release|iPhoneSimulator.Deploy.0 = Release|Any CPU
		{09DBD1B1-8316-40FB-81EC-0F9F9812CF79}.Debug|Any CPU.ActiveCfg = Debug|iPhone
		{09DBD1B1-8316-40FB-81EC-0F9F9812CF79}.Debug|Any CPU.Build.0 = Debug|iPhone
		{09DBD1B1-8316-40FB-81EC-0F9F9812CF79}.Debug|Any CPU.Deploy.0 = Debug|iPhone
		{09DBD1B1-8316-40FB-81EC-0F9F9812CF79}.Debug|iPhone.ActiveCfg = Debug|iPhone
		{09DBD1B1-8316-40FB-81EC-0F9F9812CF79}.Debug|iPhone.Build.0 = Debug|iPhone
		{09DBD1B1-8316-40FB-81EC-0F9F9812CF79}.Debug|iPhone.Deploy.0 = Debug|iPhone
		{09DBD1B1-8316-40FB-81EC-0F9F9812CF79}.Debug|iPhoneSimulator.ActiveCfg = Debug|iPhoneSimulator
		{09DBD1B1-8316-40FB-81EC-0F9F9812CF79}.Debug|iPhoneSimulator.Build.0 = Debug|iPhoneSimulator
		{09DBD1B1-8316-40FB-81EC-0F9F9812CF79}.Debug|iPhoneSimulator.Deploy.0 = Debug|iPhoneSimulator
		{09DBD1B1-8316-40FB-81EC-0F9F9812CF79}.Release|Any CPU.ActiveCfg = Release|iPhoneSimulator
		{09DBD1B1-8316-40FB-81EC-0F9F9812CF79}.Release|Any CPU.Build.0 = Release|iPhoneSimulator
		{09DBD1B1-8316-40FB-81EC-0F9F9812CF79}.Release|Any CPU.Deploy.0 = Release|iPhoneSimulator
		{09DBD1B1-8316-40FB-81EC-0F9F9812CF79}.Release|iPhone.ActiveCfg = Release|iPhone
		{09DBD1B1-8316-40FB-81EC-0F9F9812CF79}.Release|iPhone.Build.0 = Release|iPhone
		{09DBD1B1-8316-40FB-81EC-0F9F9812CF79}.Release|iPhone.Deploy.0 = Release|iPhone
		{09DBD1B1-8316-40FB-81EC-0F9F9812CF79}.Release|iPhoneSimulator.ActiveCfg = Release|iPhoneSimulator
		{09DBD1B1-8316-40FB-81EC-0F9F9812CF79}.Release|iPhoneSimulator.Build.0 = Release|iPhoneSimulator
		{09DBD1B1-8316-40FB-81EC-0F9F9812CF79}.Release|iPhoneSimulator.Deploy.0 = Release|iPhoneSimulator
		{CF4AF926-E8A3-487C-B0F6-38E1FB0FE42C}.Debug|Any CPU.ActiveCfg = Debug|Any CPU
		{CF4AF926-E8A3-487C-B0F6-38E1FB0FE42C}.Debug|Any CPU.Build.0 = Debug|Any CPU
		{CF4AF926-E8A3-487C-B0F6-38E1FB0FE42C}.Debug|Any CPU.Deploy.0 = Debug|Any CPU
		{CF4AF926-E8A3-487C-B0F6-38E1FB0FE42C}.Debug|iPhone.ActiveCfg = Debug|Any CPU
		{CF4AF926-E8A3-487C-B0F6-38E1FB0FE42C}.Debug|iPhone.Build.0 = Debug|Any CPU
		{CF4AF926-E8A3-487C-B0F6-38E1FB0FE42C}.Debug|iPhone.Deploy.0 = Debug|Any CPU
		{CF4AF926-E8A3-487C-B0F6-38E1FB0FE42C}.Debug|iPhoneSimulator.ActiveCfg = Debug|Any CPU
		{CF4AF926-E8A3-487C-B0F6-38E1FB0FE42C}.Debug|iPhoneSimulator.Build.0 = Debug|Any CPU
		{CF4AF926-E8A3-487C-B0F6-38E1FB0FE42C}.Debug|iPhoneSimulator.Deploy.0 = Debug|Any CPU
		{CF4AF926-E8A3-487C-B0F6-38E1FB0FE42C}.Release|Any CPU.ActiveCfg = Release|Any CPU
		{CF4AF926-E8A3-487C-B0F6-38E1FB0FE42C}.Release|Any CPU.Build.0 = Release|Any CPU
		{CF4AF926-E8A3-487C-B0F6-38E1FB0FE42C}.Release|Any CPU.Deploy.0 = Release|Any CPU
		{CF4AF926-E8A3-487C-B0F6-38E1FB0FE42C}.Release|iPhone.ActiveCfg = Release|Any CPU
		{CF4AF926-E8A3-487C-B0F6-38E1FB0FE42C}.Release|iPhone.Build.0 = Release|Any CPU
		{CF4AF926-E8A3-487C-B0F6-38E1FB0FE42C}.Release|iPhone.Deploy.0 = Release|Any CPU
		{CF4AF926-E8A3-487C-B0F6-38E1FB0FE42C}.Release|iPhoneSimulator.ActiveCfg = Release|Any CPU
		{CF4AF926-E8A3-487C-B0F6-38E1FB0FE42C}.Release|iPhoneSimulator.Build.0 = Release|Any CPU
		{CF4AF926-E8A3-487C-B0F6-38E1FB0FE42C}.Release|iPhoneSimulator.Deploy.0 = Release|Any CPU
	EndGlobalSection
	GlobalSection(SolutionProperties) = preSolution
		HideSolutionNode = FALSE
	EndGlobalSection
	GlobalSection(ExtensibilityGlobals) = postSolution
		SolutionGuid = {98CF9170-F6AB-4E9C-A508-1D74DCE3D1C6}
	EndGlobalSection
EndGlobal
